
Microsoft Visual Studio Solution File, Format Version 12.00
# Visual Studio Version 16
VisualStudioVersion = 16.0.29920.165
MinimumVisualStudioVersion = 10.0.40219.1
Project("{9A19103F-16F7-4668-BE54-9A1E7A4F7556}") = "TwoWaySynonyms", "TwoWaySynonyms\TwoWaySynonyms.csproj", "{2E32D4BF-16D5-4758-BE51-4E358B2D588B}"
EndProject
Project("{9A19103F-16F7-4668-BE54-9A1E7A4F7556}") = "Models", "Models\Models.csproj", "{847D398E-815A-4398-92DE-F82572282112}"
EndProject
Project("{FAE04EC0-301F-11D3-BF4B-00C04F79EFBC}") = "DataAccess", "DataAccess\DataAccess.csproj", "{EDC82081-B58B-4601-8EEB-1C7CB8F53AEA}"
EndProject
Global
	GlobalSection(SolutionConfigurationPlatforms) = preSolution
		Debug|Any CPU = Debug|Any CPU
		Release|Any CPU = Release|Any CPU
	EndGlobalSection
	GlobalSection(ProjectConfigurationPlatforms) = postSolution
		{2E32D4BF-16D5-4758-BE51-4E358B2D588B}.Debug|Any CPU.ActiveCfg = Debug|Any CPU
		{2E32D4BF-16D5-4758-BE51-4E358B2D588B}.Debug|Any CPU.Build.0 = Debug|Any CPU
		{2E32D4BF-16D5-4758-BE51-4E358B2D588B}.Release|Any CPU.ActiveCfg = Release|Any CPU
		{2E32D4BF-16D5-4758-BE51-4E358B2D588B}.Release|Any CPU.Build.0 = Release|Any CPU
		{847D398E-815A-4398-92DE-F82572282112}.Debug|Any CPU.ActiveCfg = Debug|Any CPU
		{847D398E-815A-4398-92DE-F82572282112}.Debug|Any CPU.Build.0 = Debug|Any CPU
		{847D398E-815A-4398-92DE-F82572282112}.Release|Any CPU.ActiveCfg = Release|Any CPU
		{847D398E-815A-4398-92DE-F82572282112}.Release|Any CPU.Build.0 = Release|Any CPU
		{EDC82081-B58B-4601-8EEB-1C7CB8F53AEA}.Debug|Any CPU.ActiveCfg = Debug|Any CPU
		{EDC82081-B58B-4601-8EEB-1C7CB8F53AEA}.Debug|Any CPU.Build.0 = Debug|Any CPU
		{EDC82081-B58B-4601-8EEB-1C7CB8F53AEA}.Release|Any CPU.ActiveCfg = Release|Any CPU
		{EDC82081-B58B-4601-8EEB-1C7CB8F53AEA}.Release|Any CPU.Build.0 = Release|Any CPU
	EndGlobalSection
	GlobalSection(SolutionProperties) = preSolution
		HideSolutionNode = FALSE
	EndGlobalSection
	GlobalSection(ExtensibilityGlobals) = postSolution
		SolutionGuid = {557FED82-AFB6-4CDA-9EE4-723068C441D5}
	EndGlobalSection
EndGlobal
